
Microsoft Visual Studio Solution File, Format Version 12.00
# Visual Studio 14
VisualStudioVersion = 14.0.25123.0
MinimumVisualStudioVersion = 10.0.40219.1
Project("{FAE04EC0-301F-11D3-BF4B-00C04F79EFBC}") = "cs-hidden-markov-models", "cs-hidden-markov-models\cs-hidden-markov-models.csproj", "{812A4C20-2223-4093-A482-186CDDE79470}"
EndProject
Project("{FAE04EC0-301F-11D3-BF4B-00C04F79EFBC}") = "cs-hidden-markov-models-samples", "cs-hidden-markov-models-samples\cs-hidden-markov-models-samples.csproj", "{0AF7BC97-3823-449D-994A-17C8A3CB982D}"
EndProject
Global
	GlobalSection(SolutionConfigurationPlatforms) = preSolution
		Debug|Any CPU = Debug|Any CPU
		Release|Any CPU = Release|Any CPU
	EndGlobalSection
	GlobalSection(ProjectConfigurationPlatforms) = postSolution
		{812A4C20-2223-4093-A482-186CDDE79470}.Debug|Any CPU.ActiveCfg = Debug|Any CPU
		{812A4C20-2223-4093-A482-186CDDE79470}.Debug|Any CPU.Build.0 = Debug|Any CPU
		{812A4C20-2223-4093-A482-186CDDE79470}.Release|Any CPU.ActiveCfg = Release|Any CPU
		{812A4C20-2223-4093-A482-186CDDE79470}.Release|Any CPU.Build.0 = Release|Any CPU
		{0AF7BC97-3823-449D-994A-17C8A3CB982D}.Debug|Any CPU.ActiveCfg = Debug|Any CPU
		{0AF7BC97-3823-449D-994A-17C8A3CB982D}.Debug|Any CPU.Build.0 = Debug|Any CPU
		{0AF7BC97-3823-449D-994A-17C8A3CB982D}.Release|Any CPU.ActiveCfg = Release|Any CPU
		{0AF7BC97-3823-449D-994A-17C8A3CB982D}.Release|Any CPU.Build.0 = Release|Any CPU
	EndGlobalSection
	GlobalSection(SolutionProperties) = preSolution
		HideSolutionNode = FALSE
	EndGlobalSection
EndGlobal
